
Microsoft Visual Studio Solution File, Format Version 12.00
# Visual Studio Version 17
VisualStudioVersion = 17.4.33122.133
MinimumVisualStudioVersion = 10.0.40219.1
Project("{FAE04EC0-301F-11D3-BF4B-00C04F79EFBC}") = "GiftingApi", "GiftingApi\GiftingApi.csproj", "{954512B8-AC47-472D-8F3D-672C5EEC68EE}"
EndProject
Global
	GlobalSection(SolutionConfigurationPlatforms) = preSolution
		Debug|Any CPU = Debug|Any CPU
		Release|Any CPU = Release|Any CPU
	EndGlobalSection
	GlobalSection(ProjectConfigurationPlatforms) = postSolution
		{954512B8-AC47-472D-8F3D-672C5EEC68EE}.Debug|Any CPU.ActiveCfg = Debug|Any CPU
		{954512B8-AC47-472D-8F3D-672C5EEC68EE}.Debug|Any CPU.Build.0 = Debug|Any CPU
		{954512B8-AC47-472D-8F3D-672C5EEC68EE}.Release|Any CPU.ActiveCfg = Release|Any CPU
		{954512B8-AC47-472D-8F3D-672C5EEC68EE}.Release|Any CPU.Build.0 = Release|Any CPU
	EndGlobalSection
	GlobalSection(SolutionProperties) = preSolution
		HideSolutionNode = FALSE
	EndGlobalSection
	GlobalSection(ExtensibilityGlobals) = postSolution
		SolutionGuid = {1731E5EB-AF24-46D9-BF5E-28749482B9BC}
	EndGlobalSection
EndGlobal
